// !$*UTF8*$!
{
	archiveVersion = 1;
	classes = {
	};
	objectVersion = 55;
	objects = {

/* Begin PBXBuildFile section */
		8D13EAC82891A8A3001F01BE /* PokemonAnotacao.swift in Sources */ = {isa = PBXBuildFile; fileRef = 8D13EAC72891A8A3001F01BE /* PokemonAnotacao.swift */; };
		8D13EACA2891A8D0001F01BE /* CoredDataPokemon.swift in Sources */ = {isa = PBXBuildFile; fileRef = 8D13EAC92891A8D0001F01BE /* CoredDataPokemon.swift */; };
		8D733B1028905D1300AE6118 /* AppDelegate.swift in Sources */ = {isa = PBXBuildFile; fileRef = 8D733B0F28905D1300AE6118 /* AppDelegate.swift */; };
		8D733B1228905D1300AE6118 /* SceneDelegate.swift in Sources */ = {isa = PBXBuildFile; fileRef = 8D733B1128905D1300AE6118 /* SceneDelegate.swift */; };
		8D733B1428905D1300AE6118 /* ViewController.swift in Sources */ = {isa = PBXBuildFile; fileRef = 8D733B1328905D1300AE6118 /* ViewController.swift */; };
		8D733B1728905D1300AE6118 /* Main.storyboard in Resources */ = {isa = PBXBuildFile; fileRef = 8D733B1528905D1300AE6118 /* Main.storyboard */; };
		8D733B1A28905D1300AE6118 /* PokemonGO2.xcdatamodeld in Sources */ = {isa = PBXBuildFile; fileRef = 8D733B1828905D1300AE6118 /* PokemonGO2.xcdatamodeld */; };
		8D733B1C28905D1500AE6118 /* Assets.xcassets in Resources */ = {isa = PBXBuildFile; fileRef = 8D733B1B28905D1500AE6118 /* Assets.xcassets */; };
		8D733B1F28905D1500AE6118 /* LaunchScreen.storyboard in Resources */ = {isa = PBXBuildFile; fileRef = 8D733B1D28905D1500AE6118 /* LaunchScreen.storyboard */; };
		8D74E45E2892F43400305AED /* PokemonAgendaViewController.swift in Sources */ = {isa = PBXBuildFile; fileRef = 8D74E45D2892F43400305AED /* PokemonAgendaViewController.swift */; };
/* End PBXBuildFile section */

/* Begin PBXFileReference section */
		8D13EAC72891A8A3001F01BE /* PokemonAnotacao.swift */ = {isa = PBXFileReference; lastKnownFileType = sourcecode.swift; path = PokemonAnotacao.swift; sourceTree = "<group>"; };
		8D13EAC92891A8D0001F01BE /* CoredDataPokemon.swift */ = {isa = PBXFileReference; lastKnownFileType = sourcecode.swift; path = CoredDataPokemon.swift; sourceTree = "<group>"; };
		8D733B0C28905D1300AE6118 /* PokemonGO2.app */ = {isa = PBXFileReference; explicitFileType = wrapper.application; includeInIndex = 0; path = PokemonGO2.app; sourceTree = BUILT_PRODUCTS_DIR; };
		8D733B0F28905D1300AE6118 /* AppDelegate.swift */ = {isa = PBXFileReference; lastKnownFileType = sourcecode.swift; path = AppDelegate.swift; sourceTree = "<group>"; };
		8D733B1128905D1300AE6118 /* SceneDelegate.swift */ = {isa = PBXFileReference; lastKnownFileType = sourcecode.swift; path = SceneDelegate.swift; sourceTree = "<group>"; };
		8D733B1328905D1300AE6118 /* ViewController.swift */ = {isa = PBXFileReference; lastKnownFileType = sourcecode.swift; path = ViewController.swift; sourceTree = "<group>"; };
		8D733B1628905D1300AE6118 /* Base */ = {isa = PBXFileReference; lastKnownFileType = file.storyboard; name = Base; path = Base.lproj/Main.storyboard; sourceTree = "<group>"; };
		8D733B1928905D1300AE6118 /* PokemonGO2.xcdatamodel */ = {isa = PBXFileReference; lastKnownFileType = wrapper.xcdatamodel; path = PokemonGO2.xcdatamodel; sourceTree = "<group>"; };
		8D733B1B28905D1500AE6118 /* Assets.xcassets */ = {isa = PBXFileReference; lastKnownFileType = folder.assetcatalog; path = Assets.xcassets; sourceTree = "<group>"; };
		8D733B1E28905D1500AE6118 /* Base */ = {isa = PBXFileReference; lastKnownFileType = file.storyboard; name = Base; path = Base.lproj/LaunchScreen.storyboard; sourceTree = "<group>"; };
		8D733B2028905D1500AE6118 /* Info.plist */ = {isa = PBXFileReference; lastKnownFileType = text.plist.xml; path = Info.plist; sourceTree = "<group>"; };
		8D74E45D2892F43400305AED /* PokemonAgendaViewController.swift */ = {isa = PBXFileReference; lastKnownFileType = sourcecode.swift; path = PokemonAgendaViewController.swift; sourceTree = "<group>"; };
/* End PBXFileReference section */

/* Begin PBXFrameworksBuildPhase section */
		8D733B0928905D1300AE6118 /* Frameworks */ = {
			isa = PBXFrameworksBuildPhase;
			buildActionMask = 2147483647;
			files = (
			);
			runOnlyForDeploymentPostprocessing = 0;
		};
/* End PBXFrameworksBuildPhase section */

/* Begin PBXGroup section */
		8D733B0328905D1300AE6118 = {
			isa = PBXGroup;
			children = (
				8D733B0E28905D1300AE6118 /* PokemonGO2 */,
				8D733B0D28905D1300AE6118 /* Products */,
			);
			sourceTree = "<group>";
		};
		8D733B0D28905D1300AE6118 /* Products */ = {
			isa = PBXGroup;
			children = (
				8D733B0C28905D1300AE6118 /* PokemonGO2.app */,
			);
			name = Products;
			sourceTree = "<group>";
		};
		8D733B0E28905D1300AE6118 /* PokemonGO2 */ = {
			isa = PBXGroup;
			children = (
				8D733B0F28905D1300AE6118 /* AppDelegate.swift */,
				8D733B1128905D1300AE6118 /* SceneDelegate.swift */,
				8D733B1328905D1300AE6118 /* ViewController.swift */,
				8D74E45D2892F43400305AED /* PokemonAgendaViewController.swift */,
				8D13EAC92891A8D0001F01BE /* CoredDataPokemon.swift */,
				8D13EAC72891A8A3001F01BE /* PokemonAnotacao.swift */,
				8D733B1528905D1300AE6118 /* Main.storyboard */,
				8D733B1B28905D1500AE6118 /* Assets.xcassets */,
				8D733B1D28905D1500AE6118 /* LaunchScreen.storyboard */,
				8D733B2028905D1500AE6118 /* Info.plist */,
				8D733B1828905D1300AE6118 /* PokemonGO2.xcdatamodeld */,
			);
			path = PokemonGO2;
			sourceTree = "<group>";
		};
/* End PBXGroup section */

/* Begin PBXNativeTarget section */
		8D733B0B28905D1300AE6118 /* PokemonGO2 */ = {
			isa = PBXNativeTarget;
			buildConfigurationList = 8D733B2328905D1500AE6118 /* Build configuration list for PBXNativeTarget "PokemonGO2" */;
			buildPhases = (
				8D733B0828905D1300AE6118 /* Sources */,
				8D733B0928905D1300AE6118 /* Frameworks */,
				8D733B0A28905D1300AE6118 /* Resources */,
			);
			buildRules = (
			);
			dependencies = (
			);
			name = PokemonGO2;
			productName = PokemonGO2;
			productReference = 8D733B0C28905D1300AE6118 /* PokemonGO2.app */;
			productType = "com.apple.product-type.application";
		};
/* End PBXNativeTarget section */

/* Begin PBXProject section */
		8D733B0428905D1300AE6118 /* Project object */ = {
			isa = PBXProject;
			attributes = {
				BuildIndependentTargetsInParallel = 1;
				LastSwiftUpdateCheck = 1340;
				LastUpgradeCheck = 1340;
				TargetAttributes = {
					8D733B0B28905D1300AE6118 = {
						CreatedOnToolsVersion = 13.4.1;
					};
				};
			};
			buildConfigurationList = 8D733B0728905D1300AE6118 /* Build configuration list for PBXProject "PokemonGO2" */;
			compatibilityVersion = "Xcode 13.0";
			developmentRegion = en;
			hasScannedForEncodings = 0;
			knownRegions = (
				en,
				Base,
			);
			mainGroup = 8D733B0328905D1300AE6118;
			productRefGroup = 8D733B0D28905D1300AE6118 /* Products */;
			projectDirPath = "";
			projectRoot = "";
			targets = (
				8D733B0B28905D1300AE6118 /* PokemonGO2 */,
			);
		};
/* End PBXProject section */

/* Begin PBXResourcesBuildPhase section */
		8D733B0A28905D1300AE6118 /* Resources */ = {
			isa = PBXResourcesBuildPhase;
			buildActionMask = 2147483647;
			files = (
				8D733B1F28905D1500AE6118 /* LaunchScreen.storyboard in Resources */,
				8D733B1C28905D1500AE6118 /* Assets.xcassets in Resources */,
				8D733B1728905D1300AE6118 /* Main.storyboard in Resources */,
			);
			runOnlyForDeploymentPostprocessing = 0;
		};
/* End PBXResourcesBuildPhase section */

/* Begin PBXSourcesBuildPhase section */
		8D733B0828905D1300AE6118 /* Sources */ = {
			isa = PBXSourcesBuildPhase;
			buildActionMask = 2147483647;
			files = (
				8D733B1A28905D1300AE6118 /* PokemonGO2.xcdatamodeld in Sources */,
				8D13EACA2891A8D0001F01BE /* CoredDataPokemon.swift in Sources */,
				8D13EAC82891A8A3001F01BE /* PokemonAnotacao.swift in Sources */,
				8D733B1428905D1300AE6118 /* ViewController.swift in Sources */,
				8D74E45E2892F43400305AED /* PokemonAgendaViewController.swift in Sources */,
				8D733B1028905D1300AE6118 /* AppDelegate.swift in Sources */,
				8D733B1228905D1300AE6118 /* SceneDelegate.swift in Sources */,
			);
			runOnlyForDeploymentPostprocessing = 0;
		};
/* End PBXSourcesBuildPhase section */

/* Begin PBXVariantGroup section */
		8D733B1528905D1300AE6118 /* Main.storyboard */ = {
			isa = PBXVariantGroup;
			children = (
				8D733B1628905D1300AE6118 /* Base */,
			);
			name = Main.storyboard;
			sourceTree = "<group>";
		};
		8D733B1D28905D1500AE6118 /* LaunchScreen.storyboard */ = {
			isa = PBXVariantGroup;
			children = (
				8D733B1E28905D1500AE6118 /* Base */,
			);
			name = LaunchScreen.storyboard;
			sourceTree = "<group>";
		};
/* End PBXVariantGroup section */

/* Begin XCBuildConfiguration section */
		8D733B2128905D1500AE6118 /* Debug */ = {
			isa = XCBuildConfiguration;
			buildSettings = {
				ALWAYS_SEARCH_USER_PATHS = NO;
				CLANG_ANALYZER_NONNULL = YES;
				CLANG_ANALYZER_NUMBER_OBJECT_CONVERSION = YES_AGGRESSIVE;
				CLANG_CXX_LANGUAGE_STANDARD = "gnu++17";
				CLANG_ENABLE_MODULES = YES;
				CLANG_ENABLE_OBJC_ARC = YES;
				CLANG_ENABLE_OBJC_WEAK = YES;
				CLANG_WARN_BLOCK_CAPTURE_AUTORELEASING = YES;
				CLANG_WARN_BOOL_CONVERSION = YES;
				CLANG_WARN_COMMA = YES;
				CLANG_WARN_CONSTANT_CONVERSION = YES;
				CLANG_WARN_DEPRECATED_OBJC_IMPLEMENTATIONS = YES;
				CLANG_WARN_DIRECT_OBJC_ISA_USAGE = YES_ERROR;
				CLANG_WARN_DOCUMENTATION_COMMENTS = YES;
				CLANG_WARN_EMPTY_BODY = YES;
				CLANG_WARN_ENUM_CONVERSION = YES;
				CLANG_WARN_INFINITE_RECURSION = YES;
				CLANG_WARN_INT_CONVERSION = YES;
				CLANG_WARN_NON_LITERAL_NULL_CONVERSION = YES;
				CLANG_WARN_OBJC_IMPLICIT_RETAIN_SELF = YES;
				CLANG_WARN_OBJC_LITERAL_CONVERSION = YES;
				CLANG_WARN_OBJC_ROOT_CLASS = YES_ERROR;
				CLANG_WARN_QUOTED_INCLUDE_IN_FRAMEWORK_HEADER = YES;
				CLANG_WARN_RANGE_LOOP_ANALYSIS = YES;
				CLANG_WARN_STRICT_PROTOTYPES = YES;
				CLANG_WARN_SUSPICIOUS_MOVE = YES;
				CLANG_WARN_UNGUARDED_AVAILABILITY = YES_AGGRESSIVE;
				CLANG_WARN_UNREACHABLE_CODE = YES;
				CLANG_WARN__DUPLICATE_METHOD_MATCH = YES;
				COPY_PHASE_STRIP = NO;
				DEBUG_INFORMATION_FORMAT = dwarf;
				ENABLE_STRICT_OBJC_MSGSEND = YES;
				ENABLE_TESTABILITY = YES;
				GCC_C_LANGUAGE_STANDARD = gnu11;
				GCC_DYNAMIC_NO_PIC = NO;
				GCC_NO_COMMON_BLOCKS = YES;
				GCC_OPTIMIZATION_LEVEL = 0;
				GCC_PREPROCESSOR_DEFINITIONS = (
					"DEBUG=1",
					"$(inherited)",
				);
				GCC_WARN_64_TO_32_BIT_CONVERSION = YES;
				GCC_WARN_ABOUT_RETURN_TYPE = YES_ERROR;
				GCC_WARN_UNDECLARED_SELECTOR = YES;
				GCC_WARN_UNINITIALIZED_AUTOS = YES_AGGRESSIVE;
				GCC_WARN_UNUSED_FUNCTION = YES;
				GCC_WARN_UNUSED_VARIABLE = YES;
				IPHONEOS_DEPLOYMENT_TARGET = 15.5;
				MTL_ENABLE_DEBUG_INFO = INCLUDE_SOURCE;
				MTL_FAST_MATH = YES;
				ONLY_ACTIVE_ARCH = YES;
				SDKROOT = iphoneos;
				SWIFT_ACTIVE_COMPILATION_CONDITIONS = DEBUG;
				SWIFT_OPTIMIZATION_LEVEL = "-Onone";
			};
			name = Debug;
		};
		8D733B2228905D1500AE6118 /* Release */ = {
			isa = XCBuildConfiguration;
			buildSettings = {
				ALWAYS_SEARCH_USER_PATHS = NO;
				CLANG_ANALYZER_NONNULL = YES;
				CLANG_ANALYZER_NUMBER_OBJECT_CONVERSION = YES_AGGRESSIVE;
				CLANG_CXX_LANGUAGE_STANDARD = "gnu++17";
				CLANG_ENABLE_MODULES = YES;
				CLANG_ENABLE_OBJC_ARC = YES;
				CLANG_ENABLE_OBJC_WEAK = YES;
				CLANG_WARN_BLOCK_CAPTURE_AUTORELEASING = YES;
				CLANG_WARN_BOOL_CONVERSION = YES;
				CLANG_WARN_COMMA = YES;
				CLANG_WARN_CONSTANT_CONVERSION = YES;
				CLANG_WARN_DEPRECATED_OBJC_IMPLEMENTATIONS = YES;
				CLANG_WARN_DIRECT_OBJC_ISA_USAGE = YES_ERROR;
				CLANG_WARN_DOCUMENTATION_COMMENTS = YES;
				CLANG_WARN_EMPTY_BODY = YES;
				CLANG_WARN_ENUM_CONVERSION = YES;
				CLANG_WARN_INFINITE_RECURSION = YES;
				CLANG_WARN_INT_CONVERSION = YES;
				CLANG_WARN_NON_LITERAL_NULL_CONVERSION = YES;
				CLANG_WARN_OBJC_IMPLICIT_RETAIN_SELF = YES;
				CLANG_WARN_OBJC_LITERAL_CONVERSION = YES;
				CLANG_WARN_OBJC_ROOT_CLASS = YES_ERROR;
				CLANG_WARN_QUOTED_INCLUDE_IN_FRAMEWORK_HEADER = YES;
				CLANG_WARN_RANGE_LOOP_ANALYSIS = YES;
				CLANG_WARN_STRICT_PROTOTYPES = YES;
				CLANG_WARN_SUSPICIOUS_MOVE = YES;
				CLANG_WARN_UNGUARDED_AVAILABILITY = YES_AGGRESSIVE;
				CLANG_WARN_UNREACHABLE_CODE = YES;
				CLANG_WARN__DUPLICATE_METHOD_MATCH = YES;
				COPY_PHASE_STRIP = NO;
				DEBUG_INFORMATION_FORMAT = "dwarf-with-dsym";
				ENABLE_NS_ASSERTIONS = NO;
				ENABLE_STRICT_OBJC_MSGSEND = YES;
				GCC_C_LANGUAGE_STANDARD = gnu11;
				GCC_NO_COMMON_BLOCKS = YES;
				GCC_WARN_64_TO_32_BIT_CONVERSION = YES;
				GCC_WARN_ABOUT_RETURN_TYPE = YES_ERROR;
				GCC_WARN_UNDECLARED_SELECTOR = YES;
				GCC_WARN_UNINITIALIZED_AUTOS = YES_AGGRESSIVE;
				GCC_WARN_UNUSED_FUNCTION = YES;
				GCC_WARN_UNUSED_VARIABLE = YES;
				IPHONEOS_DEPLOYMENT_TARGET = 15.5;
				MTL_ENABLE_DEBUG_INFO = NO;
				MTL_FAST_MATH = YES;
				SDKROOT = iphoneos;
				SWIFT_COMPILATION_MODE = wholemodule;
				SWIFT_OPTIMIZATION_LEVEL = "-O";
				VALIDATE_PRODUCT = YES;
			};
			name = Release;
		};
		8D733B2428905D1500AE6118 /* Debug */ = {
			isa = XCBuildConfiguration;
			buildSettings = {
				ASSETCATALOG_COMPILER_APPICON_NAME = AppIcon;
				ASSETCATALOG_COMPILER_GLOBAL_ACCENT_COLOR_NAME = AccentColor;
				CODE_SIGN_STYLE = Automatic;
				CURRENT_PROJECT_VERSION = 1;
				DEVELOPMENT_TEAM = Q9ZFUZP398;
				GENERATE_INFOPLIST_FILE = YES;
				INFOPLIST_FILE = PokemonGO2/Info.plist;
				INFOPLIST_KEY_UIApplicationSupportsIndirectInputEvents = YES;
				INFOPLIST_KEY_UILaunchStoryboardName = LaunchScreen;
				INFOPLIST_KEY_UIMainStoryboardFile = Main;
				INFOPLIST_KEY_UISupportedInterfaceOrientations_iPad = "UIInterfaceOrientationPortrait UIInterfaceOrientationPortraitUpsideDown UIInterfaceOrientationLandscapeLeft UIInterfaceOrientationLandscapeRight";
				INFOPLIST_KEY_UISupportedInterfaceOrientations_iPhone = "UIInterfaceOrientationPortrait UIInterfaceOrientationLandscapeLeft UIInterfaceOrientationLandscapeRight";
				LD_RUNPATH_SEARCH_PATHS = (
					"$(inherited)",
					"@executable_path/Frameworks",
				);
				MARKETING_VERSION = 1.0;
				PRODUCT_BUNDLE_IDENTIFIER = "Wesley-Yu.PokemonGO2";
				PRODUCT_NAME = "$(TARGET_NAME)";
				SWIFT_EMIT_LOC_STRINGS = YES;
				SWIFT_VERSION = 5.0;
				TARGETED_DEVICE_FAMILY = "1,2";
			};
			name = Debug;
		};
		8D733B2528905D1500AE6118 /* Release */ = {
			isa = XCBuildConfiguration;
			buildSettings = {
				ASSETCATALOG_COMPILER_APPICON_NAME = AppIcon;
				ASSETCATALOG_COMPILER_GLOBAL_ACCENT_COLOR_NAME = AccentColor;
				CODE_SIGN_STYLE = Automatic;
				CURRENT_PROJECT_VERSION = 1;
				DEVELOPMENT_TEAM = Q9ZFUZP398;
				GENERATE_INFOPLIST_FILE = YES;
				INFOPLIST_FILE = PokemonGO2/Info.plist;
				INFOPLIST_KEY_UIApplicationSupportsIndirectInputEvents = YES;
				INFOPLIST_KEY_UILaunchStoryboardName = LaunchScreen;
				INFOPLIST_KEY_UIMainStoryboardFile = Main;
				INFOPLIST_KEY_UISupportedInterfaceOrientations_iPad = "UIInterfaceOrientationPortrait UIInterfaceOrientationPortraitUpsideDown UIInterfaceOrientationLandscapeLeft UIInterfaceOrientationLandscapeRight";
				INFOPLIST_KEY_UISupportedInterfaceOrientations_iPhone = "UIInterfaceOrientationPortrait UIInterfaceOrientationLandscapeLeft UIInterfaceOrientationLandscapeRight";
				LD_RUNPATH_SEARCH_PATHS = (
					"$(inherited)",
					"@executable_path/Frameworks",
				);
				MARKETING_VERSION = 1.0;
				PRODUCT_BUNDLE_IDENTIFIER = "Wesley-Yu.PokemonGO2";
				PRODUCT_NAME = "$(TARGET_NAME)";
				SWIFT_EMIT_LOC_STRINGS = YES;
				SWIFT_VERSION = 5.0;
				TARGETED_DEVICE_FAMILY = "1,2";
			};
			name = Release;
		};
/* End XCBuildConfiguration section */

/* Begin XCConfigurationList section */
		8D733B0728905D1300AE6118 /* Build configuration list for PBXProject "PokemonGO2" */ = {
			isa = XCConfigurationList;
			buildConfigurations = (
				8D733B2128905D1500AE6118 /* Debug */,
				8D733B2228905D1500AE6118 /* Release */,
			);
			defaultConfigurationIsVisible = 0;
			defaultConfigurationName = Release;
		};
		8D733B2328905D1500AE6118 /* Build configuration list for PBXNativeTarget "PokemonGO2" */ = {
			isa = XCConfigurationList;
			buildConfigurations = (
				8D733B2428905D1500AE6118 /* Debug */,
				8D733B2528905D1500AE6118 /* Release */,
			);
			defaultConfigurationIsVisible = 0;
			defaultConfigurationName = Release;
		};
/* End XCConfigurationList section */

/* Begin XCVersionGroup section */
		8D733B1828905D1300AE6118 /* PokemonGO2.xcdatamodeld */ = {
			isa = XCVersionGroup;
			children = (
				8D733B1928905D1300AE6118 /* PokemonGO2.xcdatamodel */,
			);
			currentVersion = 8D733B1928905D1300AE6118 /* PokemonGO2.xcdatamodel */;
			path = PokemonGO2.xcdatamodeld;
			sourceTree = "<group>";
			versionGroupType = wrapper.xcdatamodel;
		};
/* End XCVersionGroup section */
	};
	rootObject = 8D733B0428905D1300AE6118 /* Project object */;
}
